
Microsoft Visual Studio Solution File, Format Version 12.00
# Visual Studio Version 17
VisualStudioVersion = 17.4.33110.190
MinimumVisualStudioVersion = 10.0.40219.1
Project("{FAE04EC0-301F-11D3-BF4B-00C04F79EFBC}") = "starterCode", "starterCode.csproj", "{023DD766-9769-40C6-BA7F-04092CB2AF6D}"
EndProject
Global
	GlobalSection(SolutionConfigurationPlatforms) = preSolution
		Debug|Any CPU = Debug|Any CPU
		Release|Any CPU = Release|Any CPU
	EndGlobalSection
	GlobalSection(ProjectConfigurationPlatforms) = postSolution
		{023DD766-9769-40C6-BA7F-04092CB2AF6D}.Debug|Any CPU.ActiveCfg = Debug|Any CPU
		{023DD766-9769-40C6-BA7F-04092CB2AF6D}.Debug|Any CPU.Build.0 = Debug|Any CPU
		{023DD766-9769-40C6-BA7F-04092CB2AF6D}.Release|Any CPU.ActiveCfg = Release|Any CPU
		{023DD766-9769-40C6-BA7F-04092CB2AF6D}.Release|Any CPU.Build.0 = Release|Any CPU
	EndGlobalSection
	GlobalSection(SolutionProperties) = preSolution
		HideSolutionNode = FALSE
	EndGlobalSection
	GlobalSection(ExtensibilityGlobals) = postSolution
		SolutionGuid = {988A3BBB-5916-46A8-893E-2B58016FA96E}
	EndGlobalSection
EndGlobal
